// !$*UTF8*$!
{
	archiveVersion = 1;
	classes = {
	};
	objectVersion = 77;
	objects = {

/* Begin PBXBuildFile section */
		AA4DF4ED2EA85C180080C098 /* UniformTypeIdentifiers.framework in Frameworks */ = {isa = PBXBuildFile; fileRef = AA4DF4EC2EA85C180080C098 /* UniformTypeIdentifiers.framework */; };
		AA4DF4F92EA85C180080C098 /* WarrantyWalletActionExtension.appex in Embed Foundation Extensions */ = {isa = PBXBuildFile; fileRef = AA4DF4EA2EA85C180080C098 /* WarrantyWalletActionExtension.appex */; settings = {ATTRIBUTES = (RemoveHeadersOnCopy, ); }; };
/* End PBXBuildFile section */

/* Begin PBXContainerItemProxy section */
		AA27F74F2EA5DC6A0091301A /* PBXContainerItemProxy */ = {
			isa = PBXContainerItemProxy;
			containerPortal = AA27F7342EA5DC680091301A /* Project object */;
			proxyType = 1;
			remoteGlobalIDString = AA27F73B2EA5DC680091301A;
			remoteInfo = WarrantyWallet;
		};
		AA27F7592EA5DC6A0091301A /* PBXContainerItemProxy */ = {
			isa = PBXContainerItemProxy;
			containerPortal = AA27F7342EA5DC680091301A /* Project object */;
			proxyType = 1;
			remoteGlobalIDString = AA27F73B2EA5DC680091301A;
			remoteInfo = WarrantyWallet;
		};
		AA4DF4F72EA85C180080C098 /* PBXContainerItemProxy */ = {
			isa = PBXContainerItemProxy;
			containerPortal = AA27F7342EA5DC680091301A /* Project object */;
			proxyType = 1;
			remoteGlobalIDString = AA4DF4E92EA85C180080C098;
			remoteInfo = WarrantyWalletActionExtension;
		};
/* End PBXContainerItemProxy section */

/* Begin PBXCopyFilesBuildPhase section */
		AA4DF4FA2EA85C180080C098 /* Embed Foundation Extensions */ = {
			isa = PBXCopyFilesBuildPhase;
			buildActionMask = 2147483647;
			dstPath = "";
			dstSubfolderSpec = 13;
			files = (
				AA4DF4F92EA85C180080C098 /* WarrantyWalletActionExtension.appex in Embed Foundation Extensions */,
			);
			name = "Embed Foundation Extensions";
			runOnlyForDeploymentPostprocessing = 0;
		};
/* End PBXCopyFilesBuildPhase section */

/* Begin PBXFileReference section */
		AA27F73C2EA5DC680091301A /* WarrantyWallet.app */ = {isa = PBXFileReference; explicitFileType = wrapper.application; includeInIndex = 0; path = WarrantyWallet.app; sourceTree = BUILT_PRODUCTS_DIR; };
		AA27F74E2EA5DC6A0091301A /* WarrantyWalletTests.xctest */ = {isa = PBXFileReference; explicitFileType = wrapper.cfbundle; includeInIndex = 0; path = WarrantyWalletTests.xctest; sourceTree = BUILT_PRODUCTS_DIR; };
		AA27F7582EA5DC6A0091301A /* WarrantyWalletUITests.xctest */ = {isa = PBXFileReference; explicitFileType = wrapper.cfbundle; includeInIndex = 0; path = WarrantyWalletUITests.xctest; sourceTree = BUILT_PRODUCTS_DIR; };
		AA4DF4EA2EA85C180080C098 /* WarrantyWalletActionExtension.appex */ = {isa = PBXFileReference; explicitFileType = "wrapper.app-extension"; includeInIndex = 0; path = WarrantyWalletActionExtension.appex; sourceTree = BUILT_PRODUCTS_DIR; };
		AA4DF4EC2EA85C180080C098 /* UniformTypeIdentifiers.framework */ = {isa = PBXFileReference; lastKnownFileType = wrapper.framework; name = UniformTypeIdentifiers.framework; path = System/Library/Frameworks/UniformTypeIdentifiers.framework; sourceTree = SDKROOT; };
/* End PBXFileReference section */

/* Begin PBXFileSystemSynchronizedBuildFileExceptionSet section */
		AA4DF4FD2EA85C180080C098 /* Exceptions for "WarrantyWalletActionExtension" folder in "WarrantyWalletActionExtension" target */ = {
			isa = PBXFileSystemSynchronizedBuildFileExceptionSet;
			membershipExceptions = (
				Info.plist,
			);
			target = AA4DF4E92EA85C180080C098 /* WarrantyWalletActionExtension */;
		};
		AA4DF5002EA85D940080C098 /* Exceptions for "WarrantyWallet" folder in "WarrantyWalletActionExtension" target */ = {
			isa = PBXFileSystemSynchronizedBuildFileExceptionSet;
			membershipExceptions = (
				Models/ReceiptData.swift,
				Persistence.swift,
				Services/OCRService.swift,
				Services/OpenAIService.swift,
				Services/WarrantyService.swift,
				Utils/Config.swift,
				Utils/Secrets.swift,
				Views/AddWarrantyItemView.swift,
				Views/EditWarrantyDetailsView.swift,
				WarrantyWallet.xcdatamodeld,
			);
			target = AA4DF4E92EA85C180080C098 /* WarrantyWalletActionExtension */;
		};
		AA4DF50B2EA861660080C098 /* Exceptions for "WarrantyWallet" folder in "WarrantyWallet" target */ = {
			isa = PBXFileSystemSynchronizedBuildFileExceptionSet;
			membershipExceptions = (
				Info.plist,
			);
			target = AA27F73B2EA5DC680091301A /* WarrantyWallet */;
		};
/* End PBXFileSystemSynchronizedBuildFileExceptionSet section */

/* Begin PBXFileSystemSynchronizedRootGroup section */
		AA27F73E2EA5DC680091301A /* WarrantyWallet */ = {
			isa = PBXFileSystemSynchronizedRootGroup;
			exceptions = (
				AA4DF50B2EA861660080C098 /* Exceptions for "WarrantyWallet" folder in "WarrantyWallet" target */,
				AA4DF5002EA85D940080C098 /* Exceptions for "WarrantyWallet" folder in "WarrantyWalletActionExtension" target */,
			);
			path = WarrantyWallet;
			sourceTree = "<group>";
		};
		AA27F7512EA5DC6A0091301A /* WarrantyWalletTests */ = {
			isa = PBXFileSystemSynchronizedRootGroup;
			path = WarrantyWalletTests;
			sourceTree = "<group>";
		};
		AA27F75B2EA5DC6A0091301A /* WarrantyWalletUITests */ = {
			isa = PBXFileSystemSynchronizedRootGroup;
			path = WarrantyWalletUITests;
			sourceTree = "<group>";
		};
		AA4DF4EE2EA85C180080C098 /* WarrantyWalletActionExtension */ = {
			isa = PBXFileSystemSynchronizedRootGroup;
			exceptions = (
				AA4DF4FD2EA85C180080C098 /* Exceptions for "WarrantyWalletActionExtension" folder in "WarrantyWalletActionExtension" target */,
			);
			path = WarrantyWalletActionExtension;
			sourceTree = "<group>";
		};
/* End PBXFileSystemSynchronizedRootGroup section */

/* Begin PBXFrameworksBuildPhase section */
		AA27F7392EA5DC680091301A /* Frameworks */ = {
			isa = PBXFrameworksBuildPhase;
			buildActionMask = 2147483647;
			files = (
			);
			runOnlyForDeploymentPostprocessing = 0;
		};
		AA27F74B2EA5DC6A0091301A /* Frameworks */ = {
			isa = PBXFrameworksBuildPhase;
			buildActionMask = 2147483647;
			files = (
			);
			runOnlyForDeploymentPostprocessing = 0;
		};
		AA27F7552EA5DC6A0091301A /* Frameworks */ = {
			isa = PBXFrameworksBuildPhase;
			buildActionMask = 2147483647;
			files = (
			);
			runOnlyForDeploymentPostprocessing = 0;
		};
		AA4DF4E72EA85C180080C098 /* Frameworks */ = {
			isa = PBXFrameworksBuildPhase;
			buildActionMask = 2147483647;
			files = (
				AA4DF4ED2EA85C180080C098 /* UniformTypeIdentifiers.framework in Frameworks */,
			);
			runOnlyForDeploymentPostprocessing = 0;
		};
/* End PBXFrameworksBuildPhase section */

/* Begin PBXGroup section */
		AA27F7332EA5DC680091301A = {
			isa = PBXGroup;
			children = (
				AA27F73E2EA5DC680091301A /* WarrantyWallet */,
				AA27F7512EA5DC6A0091301A /* WarrantyWalletTests */,
				AA27F75B2EA5DC6A0091301A /* WarrantyWalletUITests */,
				AA4DF4EE2EA85C180080C098 /* WarrantyWalletActionExtension */,
				AA4DF4EB2EA85C180080C098 /* Frameworks */,
				AA27F73D2EA5DC680091301A /* Products */,
			);
			sourceTree = "<group>";
		};
		AA27F73D2EA5DC680091301A /* Products */ = {
			isa = PBXGroup;
			children = (
				AA27F73C2EA5DC680091301A /* WarrantyWallet.app */,
				AA27F74E2EA5DC6A0091301A /* WarrantyWalletTests.xctest */,
				AA27F7582EA5DC6A0091301A /* WarrantyWalletUITests.xctest */,
				AA4DF4EA2EA85C180080C098 /* WarrantyWalletActionExtension.appex */,
			);
			name = Products;
			sourceTree = "<group>";
		};
		AA4DF4EB2EA85C180080C098 /* Frameworks */ = {
			isa = PBXGroup;
			children = (
				AA4DF4EC2EA85C180080C098 /* UniformTypeIdentifiers.framework */,
			);
			name = Frameworks;
			sourceTree = "<group>";
		};
/* End PBXGroup section */

/* Begin PBXNativeTarget section */
		AA27F73B2EA5DC680091301A /* WarrantyWallet */ = {
			isa = PBXNativeTarget;
			buildConfigurationList = AA27F7622EA5DC6A0091301A /* Build configuration list for PBXNativeTarget "WarrantyWallet" */;
			buildPhases = (
				AA27F7382EA5DC680091301A /* Sources */,
				AA27F7392EA5DC680091301A /* Frameworks */,
				AA27F73A2EA5DC680091301A /* Resources */,
				AA4DF4FA2EA85C180080C098 /* Embed Foundation Extensions */,
			);
			buildRules = (
			);
			dependencies = (
				AA4DF4F82EA85C180080C098 /* PBXTargetDependency */,
			);
			fileSystemSynchronizedGroups = (
				AA27F73E2EA5DC680091301A /* WarrantyWallet */,
			);
			name = WarrantyWallet;
			packageProductDependencies = (
			);
			productName = WarrantyWallet;
			productReference = AA27F73C2EA5DC680091301A /* WarrantyWallet.app */;
			productType = "com.apple.product-type.application";
		};
		AA27F74D2EA5DC6A0091301A /* WarrantyWalletTests */ = {
			isa = PBXNativeTarget;
			buildConfigurationList = AA27F7652EA5DC6A0091301A /* Build configuration list for PBXNativeTarget "WarrantyWalletTests" */;
			buildPhases = (
				AA27F74A2EA5DC6A0091301A /* Sources */,
				AA27F74B2EA5DC6A0091301A /* Frameworks */,
				AA27F74C2EA5DC6A0091301A /* Resources */,
			);
			buildRules = (
			);
			dependencies = (
				AA27F7502EA5DC6A0091301A /* PBXTargetDependency */,
			);
			fileSystemSynchronizedGroups = (
				AA27F7512EA5DC6A0091301A /* WarrantyWalletTests */,
			);
			name = WarrantyWalletTests;
			packageProductDependencies = (
			);
			productName = WarrantyWalletTests;
			productReference = AA27F74E2EA5DC6A0091301A /* WarrantyWalletTests.xctest */;
			productType = "com.apple.product-type.bundle.unit-test";
		};
		AA27F7572EA5DC6A0091301A /* WarrantyWalletUITests */ = {
			isa = PBXNativeTarget;
			buildConfigurationList = AA27F7682EA5DC6A0091301A /* Build configuration list for PBXNativeTarget "WarrantyWalletUITests" */;
			buildPhases = (
				AA27F7542EA5DC6A0091301A /* Sources */,
				AA27F7552EA5DC6A0091301A /* Frameworks */,
				AA27F7562EA5DC6A0091301A /* Resources */,
			);
			buildRules = (
			);
			dependencies = (
				AA27F75A2EA5DC6A0091301A /* PBXTargetDependency */,
			);
			fileSystemSynchronizedGroups = (
				AA27F75B2EA5DC6A0091301A /* WarrantyWalletUITests */,
			);
			name = WarrantyWalletUITests;
			packageProductDependencies = (
			);
			productName = WarrantyWalletUITests;
			productReference = AA27F7582EA5DC6A0091301A /* WarrantyWalletUITests.xctest */;
			productType = "com.apple.product-type.bundle.ui-testing";
		};
		AA4DF4E92EA85C180080C098 /* WarrantyWalletActionExtension */ = {
			isa = PBXNativeTarget;
			buildConfigurationList = AA4DF4FE2EA85C180080C098 /* Build configuration list for PBXNativeTarget "WarrantyWalletActionExtension" */;
			buildPhases = (
				AA4DF4E62EA85C180080C098 /* Sources */,
				AA4DF4E72EA85C180080C098 /* Frameworks */,
				AA4DF4E82EA85C180080C098 /* Resources */,
			);
			buildRules = (
			);
			dependencies = (
			);
			fileSystemSynchronizedGroups = (
				AA4DF4EE2EA85C180080C098 /* WarrantyWalletActionExtension */,
			);
			name = WarrantyWalletActionExtension;
			packageProductDependencies = (
			);
			productName = WarrantyWalletActionExtension;
			productReference = AA4DF4EA2EA85C180080C098 /* WarrantyWalletActionExtension.appex */;
			productType = "com.apple.product-type.app-extension";
		};
/* End PBXNativeTarget section */

/* Begin PBXProject section */
		AA27F7342EA5DC680091301A /* Project object */ = {
			isa = PBXProject;
			attributes = {
				BuildIndependentTargetsInParallel = 1;
				LastSwiftUpdateCheck = 2600;
				LastUpgradeCheck = 2600;
				TargetAttributes = {
					AA27F73B2EA5DC680091301A = {
						CreatedOnToolsVersion = 26.0;
					};
					AA27F74D2EA5DC6A0091301A = {
						CreatedOnToolsVersion = 26.0;
						TestTargetID = AA27F73B2EA5DC680091301A;
					};
					AA27F7572EA5DC6A0091301A = {
						CreatedOnToolsVersion = 26.0;
						TestTargetID = AA27F73B2EA5DC680091301A;
					};
					AA4DF4E92EA85C180080C098 = {
						CreatedOnToolsVersion = 26.0;
					};
				};
			};
			buildConfigurationList = AA27F7372EA5DC680091301A /* Build configuration list for PBXProject "WarrantyWallet" */;
			developmentRegion = en;
			hasScannedForEncodings = 0;
			knownRegions = (
				en,
				Base,
			);
			mainGroup = AA27F7332EA5DC680091301A;
			minimizedProjectReferenceProxies = 1;
			packageReferences = (
			);
			preferredProjectObjectVersion = 77;
			productRefGroup = AA27F73D2EA5DC680091301A /* Products */;
			projectDirPath = "";
			projectRoot = "";
			targets = (
				AA27F73B2EA5DC680091301A /* WarrantyWallet */,
				AA27F74D2EA5DC6A0091301A /* WarrantyWalletTests */,
				AA27F7572EA5DC6A0091301A /* WarrantyWalletUITests */,
				AA4DF4E92EA85C180080C098 /* WarrantyWalletActionExtension */,
			);
		};
/* End PBXProject section */

/* Begin PBXResourcesBuildPhase section */
		AA27F73A2EA5DC680091301A /* Resources */ = {
			isa = PBXResourcesBuildPhase;
			buildActionMask = 2147483647;
			files = (
			);
			runOnlyForDeploymentPostprocessing = 0;
		};
		AA27F74C2EA5DC6A0091301A /* Resources */ = {
			isa = PBXResourcesBuildPhase;
			buildActionMask = 2147483647;
			files = (
			);
			runOnlyForDeploymentPostprocessing = 0;
		};
		AA27F7562EA5DC6A0091301A /* Resources */ = {
			isa = PBXResourcesBuildPhase;
			buildActionMask = 2147483647;
			files = (
			);
			runOnlyForDeploymentPostprocessing = 0;
		};
		AA4DF4E82EA85C180080C098 /* Resources */ = {
			isa = PBXResourcesBuildPhase;
			buildActionMask = 2147483647;
			files = (
			);
			runOnlyForDeploymentPostprocessing = 0;
		};
/* End PBXResourcesBuildPhase section */

/* Begin PBXSourcesBuildPhase section */
		AA27F7382EA5DC680091301A /* Sources */ = {
			isa = PBXSourcesBuildPhase;
			buildActionMask = 2147483647;
			files = (
			);
			runOnlyForDeploymentPostprocessing = 0;
		};
		AA27F74A2EA5DC6A0091301A /* Sources */ = {
			isa = PBXSourcesBuildPhase;
			buildActionMask = 2147483647;
			files = (
			);
			runOnlyForDeploymentPostprocessing = 0;
		};
		AA27F7542EA5DC6A0091301A /* Sources */ = {
			isa = PBXSourcesBuildPhase;
			buildActionMask = 2147483647;
			files = (
			);
			runOnlyForDeploymentPostprocessing = 0;
		};
		AA4DF4E62EA85C180080C098 /* Sources */ = {
			isa = PBXSourcesBuildPhase;
			buildActionMask = 2147483647;
			files = (
			);
			runOnlyForDeploymentPostprocessing = 0;
		};
/* End PBXSourcesBuildPhase section */

/* Begin PBXTargetDependency section */
		AA27F7502EA5DC6A0091301A /* PBXTargetDependency */ = {
			isa = PBXTargetDependency;
			target = AA27F73B2EA5DC680091301A /* WarrantyWallet */;
			targetProxy = AA27F74F2EA5DC6A0091301A /* PBXContainerItemProxy */;
		};
		AA27F75A2EA5DC6A0091301A /* PBXTargetDependency */ = {
			isa = PBXTargetDependency;
			target = AA27F73B2EA5DC680091301A /* WarrantyWallet */;
			targetProxy = AA27F7592EA5DC6A0091301A /* PBXContainerItemProxy */;
		};
		AA4DF4F82EA85C180080C098 /* PBXTargetDependency */ = {
			isa = PBXTargetDependency;
			target = AA4DF4E92EA85C180080C098 /* WarrantyWalletActionExtension */;
			targetProxy = AA4DF4F72EA85C180080C098 /* PBXContainerItemProxy */;
		};
/* End PBXTargetDependency section */

/* Begin XCBuildConfiguration section */
		AA27F7602EA5DC6A0091301A /* Debug */ = {
			isa = XCBuildConfiguration;
			buildSettings = {
				ALWAYS_SEARCH_USER_PATHS = NO;
				ASSETCATALOG_COMPILER_GENERATE_SWIFT_ASSET_SYMBOL_EXTENSIONS = YES;
				CLANG_ANALYZER_NONNULL = YES;
				CLANG_ANALYZER_NUMBER_OBJECT_CONVERSION = YES_AGGRESSIVE;
				CLANG_CXX_LANGUAGE_STANDARD = "gnu++20";
				CLANG_ENABLE_MODULES = YES;
				CLANG_ENABLE_OBJC_ARC = YES;
				CLANG_ENABLE_OBJC_WEAK = YES;
				CLANG_WARN_BLOCK_CAPTURE_AUTORELEASING = YES;
				CLANG_WARN_BOOL_CONVERSION = YES;
				CLANG_WARN_COMMA = YES;
				CLANG_WARN_CONSTANT_CONVERSION = YES;
				CLANG_WARN_DEPRECATED_OBJC_IMPLEMENTATIONS = YES;
				CLANG_WARN_DIRECT_OBJC_ISA_USAGE = YES_ERROR;
				CLANG_WARN_DOCUMENTATION_COMMENTS = YES;
				CLANG_WARN_EMPTY_BODY = YES;
				CLANG_WARN_ENUM_CONVERSION = YES;
				CLANG_WARN_INFINITE_RECURSION = YES;
				CLANG_WARN_INT_CONVERSION = YES;
				CLANG_WARN_NON_LITERAL_NULL_CONVERSION = YES;
				CLANG_WARN_OBJC_IMPLICIT_RETAIN_SELF = YES;
				CLANG_WARN_OBJC_LITERAL_CONVERSION = YES;
				CLANG_WARN_OBJC_ROOT_CLASS = YES_ERROR;
				CLANG_WARN_QUOTED_INCLUDE_IN_FRAMEWORK_HEADER = YES;
				CLANG_WARN_RANGE_LOOP_ANALYSIS = YES;
				CLANG_WARN_STRICT_PROTOTYPES = YES;
				CLANG_WARN_SUSPICIOUS_MOVE = YES;
				CLANG_WARN_UNGUARDED_AVAILABILITY = YES_AGGRESSIVE;
				CLANG_WARN_UNREACHABLE_CODE = YES;
				CLANG_WARN__DUPLICATE_METHOD_MATCH = YES;
				COPY_PHASE_STRIP = NO;
				DEBUG_INFORMATION_FORMAT = dwarf;
				DEVELOPMENT_TEAM = SD474JC36C;
				ENABLE_STRICT_OBJC_MSGSEND = YES;
				ENABLE_TESTABILITY = YES;
				ENABLE_USER_SCRIPT_SANDBOXING = YES;
				GCC_C_LANGUAGE_STANDARD = gnu17;
				GCC_DYNAMIC_NO_PIC = NO;
				GCC_NO_COMMON_BLOCKS = YES;
				GCC_OPTIMIZATION_LEVEL = 0;
				GCC_PREPROCESSOR_DEFINITIONS = (
					"DEBUG=1",
					"$(inherited)",
				);
				GCC_WARN_64_TO_32_BIT_CONVERSION = YES;
				GCC_WARN_ABOUT_RETURN_TYPE = YES_ERROR;
				GCC_WARN_UNDECLARED_SELECTOR = YES;
				GCC_WARN_UNINITIALIZED_AUTOS = YES_AGGRESSIVE;
				GCC_WARN_UNUSED_FUNCTION = YES;
				GCC_WARN_UNUSED_VARIABLE = YES;
				IPHONEOS_DEPLOYMENT_TARGET = 26.0;
				LOCALIZATION_PREFERS_STRING_CATALOGS = YES;
				MTL_ENABLE_DEBUG_INFO = INCLUDE_SOURCE;
				MTL_FAST_MATH = YES;
				ONLY_ACTIVE_ARCH = YES;
				SDKROOT = iphoneos;
				SWIFT_ACTIVE_COMPILATION_CONDITIONS = "DEBUG $(inherited)";
				SWIFT_OPTIMIZATION_LEVEL = "-Onone";
			};
			name = Debug;
		};
		AA27F7612EA5DC6A0091301A /* Release */ = {
			isa = XCBuildConfiguration;
			buildSettings = {
				ALWAYS_SEARCH_USER_PATHS = NO;
				ASSETCATALOG_COMPILER_GENERATE_SWIFT_ASSET_SYMBOL_EXTENSIONS = YES;
				CLANG_ANALYZER_NONNULL = YES;
				CLANG_ANALYZER_NUMBER_OBJECT_CONVERSION = YES_AGGRESSIVE;
				CLANG_CXX_LANGUAGE_STANDARD = "gnu++20";
				CLANG_ENABLE_MODULES = YES;
				CLANG_ENABLE_OBJC_ARC = YES;
				CLANG_ENABLE_OBJC_WEAK = YES;
				CLANG_WARN_BLOCK_CAPTURE_AUTORELEASING = YES;
				CLANG_WARN_BOOL_CONVERSION = YES;
				CLANG_WARN_COMMA = YES;
				CLANG_WARN_CONSTANT_CONVERSION = YES;
				CLANG_WARN_DEPRECATED_OBJC_IMPLEMENTATIONS = YES;
				CLANG_WARN_DIRECT_OBJC_ISA_USAGE = YES_ERROR;
				CLANG_WARN_DOCUMENTATION_COMMENTS = YES;
				CLANG_WARN_EMPTY_BODY = YES;
				CLANG_WARN_ENUM_CONVERSION = YES;
				CLANG_WARN_INFINITE_RECURSION = YES;
				CLANG_WARN_INT_CONVERSION = YES;
				CLANG_WARN_NON_LITERAL_NULL_CONVERSION = YES;
				CLANG_WARN_OBJC_IMPLICIT_RETAIN_SELF = YES;
				CLANG_WARN_OBJC_LITERAL_CONVERSION = YES;
				CLANG_WARN_OBJC_ROOT_CLASS = YES_ERROR;
				CLANG_WARN_QUOTED_INCLUDE_IN_FRAMEWORK_HEADER = YES;
				CLANG_WARN_RANGE_LOOP_ANALYSIS = YES;
				CLANG_WARN_STRICT_PROTOTYPES = YES;
				CLANG_WARN_SUSPICIOUS_MOVE = YES;
				CLANG_WARN_UNGUARDED_AVAILABILITY = YES_AGGRESSIVE;
				CLANG_WARN_UNREACHABLE_CODE = YES;
				CLANG_WARN__DUPLICATE_METHOD_MATCH = YES;
				COPY_PHASE_STRIP = NO;
				DEBUG_INFORMATION_FORMAT = "dwarf-with-dsym";
				DEVELOPMENT_TEAM = SD474JC36C;
				ENABLE_NS_ASSERTIONS = NO;
				ENABLE_STRICT_OBJC_MSGSEND = YES;
				ENABLE_USER_SCRIPT_SANDBOXING = YES;
				GCC_C_LANGUAGE_STANDARD = gnu17;
				GCC_NO_COMMON_BLOCKS = YES;
				GCC_WARN_64_TO_32_BIT_CONVERSION = YES;
				GCC_WARN_ABOUT_RETURN_TYPE = YES_ERROR;
				GCC_WARN_UNDECLARED_SELECTOR = YES;
				GCC_WARN_UNINITIALIZED_AUTOS = YES_AGGRESSIVE;
				GCC_WARN_UNUSED_FUNCTION = YES;
				GCC_WARN_UNUSED_VARIABLE = YES;
				IPHONEOS_DEPLOYMENT_TARGET = 26.0;
				LOCALIZATION_PREFERS_STRING_CATALOGS = YES;
				MTL_ENABLE_DEBUG_INFO = NO;
				MTL_FAST_MATH = YES;
				SDKROOT = iphoneos;
				SWIFT_COMPILATION_MODE = wholemodule;
				VALIDATE_PRODUCT = YES;
			};
			name = Release;
		};
		AA27F7632EA5DC6A0091301A /* Debug */ = {
			isa = XCBuildConfiguration;
			buildSettings = {
				ASSETCATALOG_COMPILER_APPICON_NAME = AppIcon;
				ASSETCATALOG_COMPILER_GLOBAL_ACCENT_COLOR_NAME = AccentColor;
				CODE_SIGN_ENTITLEMENTS = WarrantyWallet/WarrantyWallet.entitlements;
				CODE_SIGN_STYLE = Automatic;
				CURRENT_PROJECT_VERSION = 1;
				DEVELOPMENT_TEAM = SD474JC36C;
				ENABLE_PREVIEWS = YES;
				GENERATE_INFOPLIST_FILE = YES;
				INFOPLIST_FILE = WarrantyWallet/Info.plist;
				INFOPLIST_KEY_NSCameraUsageDescription = "WarrantyWallet uses the camera to take pictures of a receipt";
				INFOPLIST_KEY_UIApplicationSceneManifest_Generation = YES;
				INFOPLIST_KEY_UIApplicationSupportsIndirectInputEvents = YES;
				INFOPLIST_KEY_UILaunchScreen_Generation = YES;
				INFOPLIST_KEY_UISupportedInterfaceOrientations_iPad = "UIInterfaceOrientationPortrait UIInterfaceOrientationPortraitUpsideDown UIInterfaceOrientationLandscapeLeft UIInterfaceOrientationLandscapeRight";
				INFOPLIST_KEY_UISupportedInterfaceOrientations_iPhone = "UIInterfaceOrientationPortrait UIInterfaceOrientationLandscapeLeft UIInterfaceOrientationLandscapeRight";
				LD_RUNPATH_SEARCH_PATHS = (
					"$(inherited)",
					"@executable_path/Frameworks",
				);
				MARKETING_VERSION = 1.0;
				PRODUCT_BUNDLE_IDENTIFIER = com.ethangoldman.WarrantyWallet;
				PRODUCT_NAME = "$(TARGET_NAME)";
				STRING_CATALOG_GENERATE_SYMBOLS = YES;
				SWIFT_APPROACHABLE_CONCURRENCY = YES;
				SWIFT_DEFAULT_ACTOR_ISOLATION = MainActor;
				SWIFT_EMIT_LOC_STRINGS = YES;
				SWIFT_UPCOMING_FEATURE_MEMBER_IMPORT_VISIBILITY = YES;
				SWIFT_VERSION = 5.0;
				TARGETED_DEVICE_FAMILY = "1,2";
			};
			name = Debug;
		};
		AA27F7642EA5DC6A0091301A /* Release */ = {
			isa = XCBuildConfiguration;
			buildSettings = {
				ASSETCATALOG_COMPILER_APPICON_NAME = AppIcon;
				ASSETCATALOG_COMPILER_GLOBAL_ACCENT_COLOR_NAME = AccentColor;
				CODE_SIGN_ENTITLEMENTS = WarrantyWallet/WarrantyWallet.entitlements;
				CODE_SIGN_STYLE = Automatic;
				CURRENT_PROJECT_VERSION = 1;
				DEVELOPMENT_TEAM = SD474JC36C;
				ENABLE_PREVIEWS = YES;
				GENERATE_INFOPLIST_FILE = YES;
				INFOPLIST_FILE = WarrantyWallet/Info.plist;
				INFOPLIST_KEY_NSCameraUsageDescription = "WarrantyWallet uses the camera to take pictures of a receipt";
				INFOPLIST_KEY_UIApplicationSceneManifest_Generation = YES;
				INFOPLIST_KEY_UIApplicationSupportsIndirectInputEvents = YES;
				INFOPLIST_KEY_UILaunchScreen_Generation = YES;
				INFOPLIST_KEY_UISupportedInterfaceOrientations_iPad = "UIInterfaceOrientationPortrait UIInterfaceOrientationPortraitUpsideDown UIInterfaceOrientationLandscapeLeft UIInterfaceOrientationLandscapeRight";
				INFOPLIST_KEY_UISupportedInterfaceOrientations_iPhone = "UIInterfaceOrientationPortrait UIInterfaceOrientationLandscapeLeft UIInterfaceOrientationLandscapeRight";
				LD_RUNPATH_SEARCH_PATHS = (
					"$(inherited)",
					"@executable_path/Frameworks",
				);
				MARKETING_VERSION = 1.0;
				PRODUCT_BUNDLE_IDENTIFIER = com.ethangoldman.WarrantyWallet;
				PRODUCT_NAME = "$(TARGET_NAME)";
				STRING_CATALOG_GENERATE_SYMBOLS = YES;
				SWIFT_APPROACHABLE_CONCURRENCY = YES;
				SWIFT_DEFAULT_ACTOR_ISOLATION = MainActor;
				SWIFT_EMIT_LOC_STRINGS = YES;
				SWIFT_UPCOMING_FEATURE_MEMBER_IMPORT_VISIBILITY = YES;
				SWIFT_VERSION = 5.0;
				TARGETED_DEVICE_FAMILY = "1,2";
			};
			name = Release;
		};
		AA27F7662EA5DC6A0091301A /* Debug */ = {
			isa = XCBuildConfiguration;
			buildSettings = {
				BUNDLE_LOADER = "$(TEST_HOST)";
				CODE_SIGN_STYLE = Automatic;
				CURRENT_PROJECT_VERSION = 1;
				DEVELOPMENT_TEAM = SD474JC36C;
				GENERATE_INFOPLIST_FILE = YES;
				IPHONEOS_DEPLOYMENT_TARGET = 26.0;
				MARKETING_VERSION = 1.0;
				PRODUCT_BUNDLE_IDENTIFIER = com.ethangoldman.WarrantyWalletTests;
				PRODUCT_NAME = "$(TARGET_NAME)";
				STRING_CATALOG_GENERATE_SYMBOLS = NO;
				SWIFT_APPROACHABLE_CONCURRENCY = YES;
				SWIFT_EMIT_LOC_STRINGS = NO;
				SWIFT_UPCOMING_FEATURE_MEMBER_IMPORT_VISIBILITY = YES;
				SWIFT_VERSION = 5.0;
				TARGETED_DEVICE_FAMILY = "1,2";
				TEST_HOST = "$(BUILT_PRODUCTS_DIR)/WarrantyWallet.app/$(BUNDLE_EXECUTABLE_FOLDER_PATH)/WarrantyWallet";
			};
			name = Debug;
		};
		AA27F7672EA5DC6A0091301A /* Release */ = {
			isa = XCBuildConfiguration;
			buildSettings = {
				BUNDLE_LOADER = "$(TEST_HOST)";
				CODE_SIGN_STYLE = Automatic;
				CURRENT_PROJECT_VERSION = 1;
				DEVELOPMENT_TEAM = SD474JC36C;
				GENERATE_INFOPLIST_FILE = YES;
				IPHONEOS_DEPLOYMENT_TARGET = 26.0;
				MARKETING_VERSION = 1.0;
				PRODUCT_BUNDLE_IDENTIFIER = com.ethangoldman.WarrantyWalletTests;
				PRODUCT_NAME = "$(TARGET_NAME)";
				STRING_CATALOG_GENERATE_SYMBOLS = NO;
				SWIFT_APPROACHABLE_CONCURRENCY = YES;
				SWIFT_EMIT_LOC_STRINGS = NO;
				SWIFT_UPCOMING_FEATURE_MEMBER_IMPORT_VISIBILITY = YES;
				SWIFT_VERSION = 5.0;
				TARGETED_DEVICE_FAMILY = "1,2";
				TEST_HOST = "$(BUILT_PRODUCTS_DIR)/WarrantyWallet.app/$(BUNDLE_EXECUTABLE_FOLDER_PATH)/WarrantyWallet";
			};
			name = Release;
		};
		AA27F7692EA5DC6A0091301A /* Debug */ = {
			isa = XCBuildConfiguration;
			buildSettings = {
				CODE_SIGN_STYLE = Automatic;
				CURRENT_PROJECT_VERSION = 1;
				DEVELOPMENT_TEAM = SD474JC36C;
				GENERATE_INFOPLIST_FILE = YES;
				MARKETING_VERSION = 1.0;
				PRODUCT_BUNDLE_IDENTIFIER = com.ethangoldman.WarrantyWalletUITests;
				PRODUCT_NAME = "$(TARGET_NAME)";
				STRING_CATALOG_GENERATE_SYMBOLS = NO;
				SWIFT_APPROACHABLE_CONCURRENCY = YES;
				SWIFT_EMIT_LOC_STRINGS = NO;
				SWIFT_UPCOMING_FEATURE_MEMBER_IMPORT_VISIBILITY = YES;
				SWIFT_VERSION = 5.0;
				TARGETED_DEVICE_FAMILY = "1,2";
				TEST_TARGET_NAME = WarrantyWallet;
			};
			name = Debug;
		};
		AA27F76A2EA5DC6A0091301A /* Release */ = {
			isa = XCBuildConfiguration;
			buildSettings = {
				CODE_SIGN_STYLE = Automatic;
				CURRENT_PROJECT_VERSION = 1;
				DEVELOPMENT_TEAM = SD474JC36C;
				GENERATE_INFOPLIST_FILE = YES;
				MARKETING_VERSION = 1.0;
				PRODUCT_BUNDLE_IDENTIFIER = com.ethangoldman.WarrantyWalletUITests;
				PRODUCT_NAME = "$(TARGET_NAME)";
				STRING_CATALOG_GENERATE_SYMBOLS = NO;
				SWIFT_APPROACHABLE_CONCURRENCY = YES;
				SWIFT_EMIT_LOC_STRINGS = NO;
				SWIFT_UPCOMING_FEATURE_MEMBER_IMPORT_VISIBILITY = YES;
				SWIFT_VERSION = 5.0;
				TARGETED_DEVICE_FAMILY = "1,2";
				TEST_TARGET_NAME = WarrantyWallet;
			};
			name = Release;
		};
		AA4DF4FB2EA85C180080C098 /* Debug */ = {
			isa = XCBuildConfiguration;
			buildSettings = {
				CODE_SIGN_ENTITLEMENTS = WarrantyWalletActionExtension/WarrantyWalletActionExtension.entitlements;
				CODE_SIGN_STYLE = Automatic;
				CURRENT_PROJECT_VERSION = 1;
				DEVELOPMENT_TEAM = SD474JC36C;
				GENERATE_INFOPLIST_FILE = YES;
				INFOPLIST_FILE = WarrantyWalletActionExtension/Info.plist;
				INFOPLIST_KEY_CFBundleDisplayName = "Add to warranty wallet";
				INFOPLIST_KEY_NSHumanReadableCopyright = "";
				LD_RUNPATH_SEARCH_PATHS = (
					"$(inherited)",
					"@executable_path/Frameworks",
					"@executable_path/../../Frameworks",
				);
				MARKETING_VERSION = 1.0;
				PRODUCT_BUNDLE_IDENTIFIER = com.ethangoldman.WarrantyWallet.WarrantyWalletActionExtension;
				PRODUCT_NAME = "$(TARGET_NAME)";
				SKIP_INSTALL = YES;
				STRING_CATALOG_GENERATE_SYMBOLS = YES;
				SWIFT_APPROACHABLE_CONCURRENCY = YES;
				SWIFT_EMIT_LOC_STRINGS = YES;
				SWIFT_UPCOMING_FEATURE_MEMBER_IMPORT_VISIBILITY = YES;
				SWIFT_VERSION = 5.0;
				TARGETED_DEVICE_FAMILY = "1,2";
			};
			name = Debug;
		};
		AA4DF4FC2EA85C180080C098 /* Release */ = {
			isa = XCBuildConfiguration;
			buildSettings = {
				CODE_SIGN_ENTITLEMENTS = WarrantyWalletActionExtension/WarrantyWalletActionExtension.entitlements;
				CODE_SIGN_STYLE = Automatic;
				CURRENT_PROJECT_VERSION = 1;
				DEVELOPMENT_TEAM = SD474JC36C;
				GENERATE_INFOPLIST_FILE = YES;
				INFOPLIST_FILE = WarrantyWalletActionExtension/Info.plist;
				INFOPLIST_KEY_CFBundleDisplayName = "Add to warranty wallet";
				INFOPLIST_KEY_NSHumanReadableCopyright = "";
				LD_RUNPATH_SEARCH_PATHS = (
					"$(inherited)",
					"@executable_path/Frameworks",
					"@executable_path/../../Frameworks",
				);
				MARKETING_VERSION = 1.0;
				PRODUCT_BUNDLE_IDENTIFIER = com.ethangoldman.WarrantyWallet.WarrantyWalletActionExtension;
				PRODUCT_NAME = "$(TARGET_NAME)";
				SKIP_INSTALL = YES;
				STRING_CATALOG_GENERATE_SYMBOLS = YES;
				SWIFT_APPROACHABLE_CONCURRENCY = YES;
				SWIFT_EMIT_LOC_STRINGS = YES;
				SWIFT_UPCOMING_FEATURE_MEMBER_IMPORT_VISIBILITY = YES;
				SWIFT_VERSION = 5.0;
				TARGETED_DEVICE_FAMILY = "1,2";
			};
			name = Release;
		};
/* End XCBuildConfiguration section */

/* Begin XCConfigurationList section */
		AA27F7372EA5DC680091301A /* Build configuration list for PBXProject "WarrantyWallet" */ = {
			isa = XCConfigurationList;
			buildConfigurations = (
				AA27F7602EA5DC6A0091301A /* Debug */,
				AA27F7612EA5DC6A0091301A /* Release */,
			);
			defaultConfigurationIsVisible = 0;
			defaultConfigurationName = Release;
		};
		AA27F7622EA5DC6A0091301A /* Build configuration list for PBXNativeTarget "WarrantyWallet" */ = {
			isa = XCConfigurationList;
			buildConfigurations = (
				AA27F7632EA5DC6A0091301A /* Debug */,
				AA27F7642EA5DC6A0091301A /* Release */,
			);
			defaultConfigurationIsVisible = 0;
			defaultConfigurationName = Release;
		};
		AA27F7652EA5DC6A0091301A /* Build configuration list for PBXNativeTarget "WarrantyWalletTests" */ = {
			isa = XCConfigurationList;
			buildConfigurations = (
				AA27F7662EA5DC6A0091301A /* Debug */,
				AA27F7672EA5DC6A0091301A /* Release */,
			);
			defaultConfigurationIsVisible = 0;
			defaultConfigurationName = Release;
		};
		AA27F7682EA5DC6A0091301A /* Build configuration list for PBXNativeTarget "WarrantyWalletUITests" */ = {
			isa = XCConfigurationList;
			buildConfigurations = (
				AA27F7692EA5DC6A0091301A /* Debug */,
				AA27F76A2EA5DC6A0091301A /* Release */,
			);
			defaultConfigurationIsVisible = 0;
			defaultConfigurationName = Release;
		};
		AA4DF4FE2EA85C180080C098 /* Build configuration list for PBXNativeTarget "WarrantyWalletActionExtension" */ = {
			isa = XCConfigurationList;
			buildConfigurations = (
				AA4DF4FB2EA85C180080C098 /* Debug */,
				AA4DF4FC2EA85C180080C098 /* Release */,
			);
			defaultConfigurationIsVisible = 0;
			defaultConfigurationName = Release;
		};
/* End XCConfigurationList section */
	};
	rootObject = AA27F7342EA5DC680091301A /* Project object */;
}
